
Microsoft Visual Studio Solution File, Format Version 12.00
# Visual Studio 2012
Project("{FAE04EC0-301F-11D3-BF4B-00C04F79EFBC}") = "Code2012Survey", "Code2012Survey\Code2012Survey.csproj", "{2081EA8C-D566-49FF-9DB8-9352E252F9EA}"
EndProject
Global
	GlobalSection(SolutionConfigurationPlatforms) = preSolution
		Debug|Any CPU = Debug|Any CPU
		Release|Any CPU = Release|Any CPU
	EndGlobalSection
	GlobalSection(ProjectConfigurationPlatforms) = postSolution
		{2081EA8C-D566-49FF-9DB8-9352E252F9EA}.Debug|Any CPU.ActiveCfg = Debug|Any CPU
		{2081EA8C-D566-49FF-9DB8-9352E252F9EA}.Debug|Any CPU.Build.0 = Debug|Any CPU
		{2081EA8C-D566-49FF-9DB8-9352E252F9EA}.Release|Any CPU.ActiveCfg = Release|Any CPU
		{2081EA8C-D566-49FF-9DB8-9352E252F9EA}.Release|Any CPU.Build.0 = Release|Any CPU
	EndGlobalSection
	GlobalSection(SolutionProperties) = preSolution
		HideSolutionNode = FALSE
	EndGlobalSection
EndGlobal
