
Microsoft Visual Studio Solution File, Format Version 12.00
# Visual Studio 2012
Project("{FAE04EC0-301F-11D3-BF4B-00C04F79EFBC}") = "Code2012Survey", "Code2012Survey\Code2012Survey.csproj", "{2081EA8C-D566-49FF-9DB8-9352E252F9EA}"
EndProject
Project("{2150E333-8FDC-42A3-9474-1A3956D46DE8}") = ".nuget", ".nuget", "{2AF00A4F-932C-44B3-9C25-9C6E06DFA4EE}"
	ProjectSection(SolutionItems) = preProject
		.nuget\NuGet.Config = .nuget\NuGet.Config
		.nuget\NuGet.exe = .nuget\NuGet.exe
		.nuget\NuGet.targets = .nuget\NuGet.targets
	EndProjectSection
EndProject
Project("{FAE04EC0-301F-11D3-BF4B-00C04F79EFBC}") = "Code2012Survey.ja", "Code2012Survey.ja\Code2012Survey.ja.csproj", "{C910DBFA-2328-428E-9236-38D7C82152F0}"
EndProject
Global
	GlobalSection(SolutionConfigurationPlatforms) = preSolution
		Debug|Any CPU = Debug|Any CPU
		Release|Any CPU = Release|Any CPU
	EndGlobalSection
	GlobalSection(ProjectConfigurationPlatforms) = postSolution
		{2081EA8C-D566-49FF-9DB8-9352E252F9EA}.Debug|Any CPU.ActiveCfg = Debug|Any CPU
		{2081EA8C-D566-49FF-9DB8-9352E252F9EA}.Debug|Any CPU.Build.0 = Debug|Any CPU
		{2081EA8C-D566-49FF-9DB8-9352E252F9EA}.Release|Any CPU.ActiveCfg = Release|Any CPU
		{2081EA8C-D566-49FF-9DB8-9352E252F9EA}.Release|Any CPU.Build.0 = Release|Any CPU
		{C910DBFA-2328-428E-9236-38D7C82152F0}.Debug|Any CPU.ActiveCfg = Debug|Any CPU
		{C910DBFA-2328-428E-9236-38D7C82152F0}.Debug|Any CPU.Build.0 = Debug|Any CPU
		{C910DBFA-2328-428E-9236-38D7C82152F0}.Release|Any CPU.ActiveCfg = Release|Any CPU
		{C910DBFA-2328-428E-9236-38D7C82152F0}.Release|Any CPU.Build.0 = Release|Any CPU
	EndGlobalSection
	GlobalSection(SolutionProperties) = preSolution
		HideSolutionNode = FALSE
	EndGlobalSection
EndGlobal
